// !$*UTF8*$!
{
	archiveVersion = 1;
	classes = {
	};
	objectVersion = 46;
	objects = {

/* Begin PBXBuildFile section */
		9503A31614B8317400AEE0A7 /* libsqlite3.0.dylib in Frameworks */ = {isa = PBXBuildFile; fileRef = 9503A31514B8317400AEE0A7 /* libsqlite3.0.dylib */; };
		9520BF7414B84A81000FFB06 /* About.txt in Resources */ = {isa = PBXBuildFile; fileRef = 9520BF3F14B84A81000FFB06 /* About.txt */; };
		9520BF7514B84A81000FFB06 /* GCDAsyncSocket.m in Sources */ = {isa = PBXBuildFile; fileRef = 9520BF4114B84A81000FFB06 /* GCDAsyncSocket.m */; };
		9520BF7614B84A81000FFB06 /* DDData.m in Sources */ = {isa = PBXBuildFile; fileRef = 9520BF4514B84A81000FFB06 /* DDData.m */; };
		9520BF7714B84A81000FFB06 /* DDNumber.m in Sources */ = {isa = PBXBuildFile; fileRef = 9520BF4714B84A81000FFB06 /* DDNumber.m */; };
		9520BF7814B84A81000FFB06 /* DDRange.m in Sources */ = {isa = PBXBuildFile; fileRef = 9520BF4914B84A81000FFB06 /* DDRange.m */; };
		9520BF7914B84A81000FFB06 /* HTTPAuthenticationRequest.m in Sources */ = {isa = PBXBuildFile; fileRef = 9520BF4B14B84A81000FFB06 /* HTTPAuthenticationRequest.m */; };
		9520BF7A14B84A81000FFB06 /* HTTPConnection.m in Sources */ = {isa = PBXBuildFile; fileRef = 9520BF4D14B84A81000FFB06 /* HTTPConnection.m */; };
		9520BF7B14B84A81000FFB06 /* HTTPMessage.m in Sources */ = {isa = PBXBuildFile; fileRef = 9520BF5014B84A81000FFB06 /* HTTPMessage.m */; };
		9520BF7C14B84A81000FFB06 /* HTTPServer.m in Sources */ = {isa = PBXBuildFile; fileRef = 9520BF5314B84A81000FFB06 /* HTTPServer.m */; };
		9520BF7D14B84A81000FFB06 /* HTTPAsyncFileResponse.m in Sources */ = {isa = PBXBuildFile; fileRef = 9520BF5614B84A81000FFB06 /* HTTPAsyncFileResponse.m */; };
		9520BF7E14B84A81000FFB06 /* HTTPDataResponse.m in Sources */ = {isa = PBXBuildFile; fileRef = 9520BF5814B84A81000FFB06 /* HTTPDataResponse.m */; };
		9520BF7F14B84A81000FFB06 /* HTTPDynamicFileResponse.m in Sources */ = {isa = PBXBuildFile; fileRef = 9520BF5A14B84A81000FFB06 /* HTTPDynamicFileResponse.m */; };
		9520BF8014B84A81000FFB06 /* HTTPFileResponse.m in Sources */ = {isa = PBXBuildFile; fileRef = 9520BF5C14B84A81000FFB06 /* HTTPFileResponse.m */; };
		9520BF8114B84A81000FFB06 /* HTTPRedirectResponse.m in Sources */ = {isa = PBXBuildFile; fileRef = 9520BF5E14B84A81000FFB06 /* HTTPRedirectResponse.m */; };
		9520BF8214B84A81000FFB06 /* WebSocket.m in Sources */ = {isa = PBXBuildFile; fileRef = 9520BF6014B84A81000FFB06 /* WebSocket.m */; };
		9520BF8314B84A81000FFB06 /* About.txt in Resources */ = {isa = PBXBuildFile; fileRef = 9520BF6214B84A81000FFB06 /* About.txt */; };
		9520BF8414B84A81000FFB06 /* DDAbstractDatabaseLogger.m in Sources */ = {isa = PBXBuildFile; fileRef = 9520BF6414B84A81000FFB06 /* DDAbstractDatabaseLogger.m */; };
		9520BF8514B84A81000FFB06 /* DDASLLogger.m in Sources */ = {isa = PBXBuildFile; fileRef = 9520BF6614B84A81000FFB06 /* DDASLLogger.m */; };
		9520BF8614B84A81000FFB06 /* DDFileLogger.m in Sources */ = {isa = PBXBuildFile; fileRef = 9520BF6814B84A81000FFB06 /* DDFileLogger.m */; };
		9520BF8714B84A81000FFB06 /* DDLog.m in Sources */ = {isa = PBXBuildFile; fileRef = 9520BF6A14B84A81000FFB06 /* DDLog.m */; };
		9520BF8814B84A81000FFB06 /* DDTTYLogger.m in Sources */ = {isa = PBXBuildFile; fileRef = 9520BF6C14B84A81000FFB06 /* DDTTYLogger.m */; };
		9520BF8914B84A81000FFB06 /* FMDatabase.m in Sources */ = {isa = PBXBuildFile; fileRef = 9520BF6F14B84A81000FFB06 /* FMDatabase.m */; };
		9520BF8A14B84A81000FFB06 /* FMDatabaseAdditions.m in Sources */ = {isa = PBXBuildFile; fileRef = 9520BF7114B84A81000FFB06 /* FMDatabaseAdditions.m */; };
		9520BF8B14B84A81000FFB06 /* FMResultSet.m in Sources */ = {isa = PBXBuildFile; fileRef = 9520BF7314B84A81000FFB06 /* FMResultSet.m */; };
		9520BF8D14B84ACD000FFB06 /* Security.framework in Frameworks */ = {isa = PBXBuildFile; fileRef = 9520BF8C14B84ACD000FFB06 /* Security.framework */; };
		9566DCED140B73810030399A /* clock.icns in Resources */ = {isa = PBXBuildFile; fileRef = 9566DCEC140B73810030399A /* clock.icns */; };
		9577B7AB14B84D3C0012936D /* MyHTTPConnection.m in Sources */ = {isa = PBXBuildFile; fileRef = 9577B7AA14B84D3C0012936D /* MyHTTPConnection.m */; };
		95BDD6B3140B32FD00BF6B6B /* Cocoa.framework in Frameworks */ = {isa = PBXBuildFile; fileRef = 95BDD6B2140B32FD00BF6B6B /* Cocoa.framework */; };
		95BDD6BD140B32FD00BF6B6B /* InfoPlist.strings in Resources */ = {isa = PBXBuildFile; fileRef = 95BDD6BB140B32FD00BF6B6B /* InfoPlist.strings */; };
		95BDD6C0140B32FD00BF6B6B /* main.m in Sources */ = {isa = PBXBuildFile; fileRef = 95BDD6BF140B32FD00BF6B6B /* main.m */; };
		95BDD6C3140B32FE00BF6B6B /* Credits.rtf in Resources */ = {isa = PBXBuildFile; fileRef = 95BDD6C1140B32FE00BF6B6B /* Credits.rtf */; };
		95BDD6C6140B32FE00BF6B6B /* timesuckAppDelegate.m in Sources */ = {isa = PBXBuildFile; fileRef = 95BDD6C5140B32FE00BF6B6B /* timesuckAppDelegate.m */; };
		95BDD6C9140B32FE00BF6B6B /* MainMenu.xib in Resources */ = {isa = PBXBuildFile; fileRef = 95BDD6C7140B32FE00BF6B6B /* MainMenu.xib */; };
		95BDD6CC140B32FE00BF6B6B /* timesuck.xcdatamodeld in Sources */ = {isa = PBXBuildFile; fileRef = 95BDD6CA140B32FE00BF6B6B /* timesuck.xcdatamodeld */; };
		95BDD6D3140B32FE00BF6B6B /* Cocoa.framework in Frameworks */ = {isa = PBXBuildFile; fileRef = 95BDD6B2140B32FD00BF6B6B /* Cocoa.framework */; };
		95BDD6DB140B32FE00BF6B6B /* InfoPlist.strings in Resources */ = {isa = PBXBuildFile; fileRef = 95BDD6D9140B32FE00BF6B6B /* InfoPlist.strings */; };
		95BDD6DE140B32FE00BF6B6B /* timesuckTests.h in Resources */ = {isa = PBXBuildFile; fileRef = 95BDD6DD140B32FE00BF6B6B /* timesuckTests.h */; };
		95BDD6E0140B32FE00BF6B6B /* timesuckTests.m in Sources */ = {isa = PBXBuildFile; fileRef = 95BDD6DF140B32FE00BF6B6B /* timesuckTests.m */; };
/* End PBXBuildFile section */

/* Begin PBXContainerItemProxy section */
		95BDD6D4140B32FE00BF6B6B /* PBXContainerItemProxy */ = {
			isa = PBXContainerItemProxy;
			containerPortal = 95BDD6A5140B32FD00BF6B6B /* Project object */;
			proxyType = 1;
			remoteGlobalIDString = 95BDD6AD140B32FD00BF6B6B;
			remoteInfo = timesuck;
		};
/* End PBXContainerItemProxy section */

/* Begin PBXFileReference section */
		9503A31514B8317400AEE0A7 /* libsqlite3.0.dylib */ = {isa = PBXFileReference; lastKnownFileType = "compiled.mach-o.dylib"; name = libsqlite3.0.dylib; path = usr/lib/libsqlite3.0.dylib; sourceTree = SDKROOT; };
		9520BF3F14B84A81000FFB06 /* About.txt */ = {isa = PBXFileReference; fileEncoding = 4; lastKnownFileType = text; path = About.txt; sourceTree = "<group>"; };
		9520BF4014B84A81000FFB06 /* GCDAsyncSocket.h */ = {isa = PBXFileReference; fileEncoding = 4; lastKnownFileType = sourcecode.c.h; path = GCDAsyncSocket.h; sourceTree = "<group>"; };
		9520BF4114B84A81000FFB06 /* GCDAsyncSocket.m */ = {isa = PBXFileReference; fileEncoding = 4; lastKnownFileType = sourcecode.c.objc; path = GCDAsyncSocket.m; sourceTree = "<group>"; };
		9520BF4414B84A81000FFB06 /* DDData.h */ = {isa = PBXFileReference; fileEncoding = 4; lastKnownFileType = sourcecode.c.h; path = DDData.h; sourceTree = "<group>"; };
		9520BF4514B84A81000FFB06 /* DDData.m */ = {isa = PBXFileReference; fileEncoding = 4; lastKnownFileType = sourcecode.c.objc; path = DDData.m; sourceTree = "<group>"; };
		9520BF4614B84A81000FFB06 /* DDNumber.h */ = {isa = PBXFileReference; fileEncoding = 4; lastKnownFileType = sourcecode.c.h; path = DDNumber.h; sourceTree = "<group>"; };
		9520BF4714B84A81000FFB06 /* DDNumber.m */ = {isa = PBXFileReference; fileEncoding = 4; lastKnownFileType = sourcecode.c.objc; path = DDNumber.m; sourceTree = "<group>"; };
		9520BF4814B84A81000FFB06 /* DDRange.h */ = {isa = PBXFileReference; fileEncoding = 4; lastKnownFileType = sourcecode.c.h; path = DDRange.h; sourceTree = "<group>"; };
		9520BF4914B84A81000FFB06 /* DDRange.m */ = {isa = PBXFileReference; fileEncoding = 4; lastKnownFileType = sourcecode.c.objc; path = DDRange.m; sourceTree = "<group>"; };
		9520BF4A14B84A81000FFB06 /* HTTPAuthenticationRequest.h */ = {isa = PBXFileReference; fileEncoding = 4; lastKnownFileType = sourcecode.c.h; path = HTTPAuthenticationRequest.h; sourceTree = "<group>"; };
		9520BF4B14B84A81000FFB06 /* HTTPAuthenticationRequest.m */ = {isa = PBXFileReference; fileEncoding = 4; lastKnownFileType = sourcecode.c.objc; path = HTTPAuthenticationRequest.m; sourceTree = "<group>"; };
		9520BF4C14B84A81000FFB06 /* HTTPConnection.h */ = {isa = PBXFileReference; fileEncoding = 4; lastKnownFileType = sourcecode.c.h; path = HTTPConnection.h; sourceTree = "<group>"; };
		9520BF4D14B84A81000FFB06 /* HTTPConnection.m */ = {isa = PBXFileReference; fileEncoding = 4; lastKnownFileType = sourcecode.c.objc; path = HTTPConnection.m; sourceTree = "<group>"; };
		9520BF4E14B84A81000FFB06 /* HTTPLogging.h */ = {isa = PBXFileReference; fileEncoding = 4; lastKnownFileType = sourcecode.c.h; path = HTTPLogging.h; sourceTree = "<group>"; };
		9520BF4F14B84A81000FFB06 /* HTTPMessage.h */ = {isa = PBXFileReference; fileEncoding = 4; lastKnownFileType = sourcecode.c.h; path = HTTPMessage.h; sourceTree = "<group>"; };
		9520BF5014B84A81000FFB06 /* HTTPMessage.m */ = {isa = PBXFileReference; fileEncoding = 4; lastKnownFileType = sourcecode.c.objc; path = HTTPMessage.m; sourceTree = "<group>"; };
		9520BF5114B84A81000FFB06 /* HTTPResponse.h */ = {isa = PBXFileReference; fileEncoding = 4; lastKnownFileType = sourcecode.c.h; path = HTTPResponse.h; sourceTree = "<group>"; };
		9520BF5214B84A81000FFB06 /* HTTPServer.h */ = {isa = PBXFileReference; fileEncoding = 4; lastKnownFileType = sourcecode.c.h; path = HTTPServer.h; sourceTree = "<group>"; };
		9520BF5314B84A81000FFB06 /* HTTPServer.m */ = {isa = PBXFileReference; fileEncoding = 4; lastKnownFileType = sourcecode.c.objc; path = HTTPServer.m; sourceTree = "<group>"; };
		9520BF5514B84A81000FFB06 /* HTTPAsyncFileResponse.h */ = {isa = PBXFileReference; fileEncoding = 4; lastKnownFileType = sourcecode.c.h; path = HTTPAsyncFileResponse.h; sourceTree = "<group>"; };
		9520BF5614B84A81000FFB06 /* HTTPAsyncFileResponse.m */ = {isa = PBXFileReference; fileEncoding = 4; lastKnownFileType = sourcecode.c.objc; path = HTTPAsyncFileResponse.m; sourceTree = "<group>"; };
		9520BF5714B84A81000FFB06 /* HTTPDataResponse.h */ = {isa = PBXFileReference; fileEncoding = 4; lastKnownFileType = sourcecode.c.h; path = HTTPDataResponse.h; sourceTree = "<group>"; };
		9520BF5814B84A81000FFB06 /* HTTPDataResponse.m */ = {isa = PBXFileReference; fileEncoding = 4; lastKnownFileType = sourcecode.c.objc; path = HTTPDataResponse.m; sourceTree = "<group>"; };
		9520BF5914B84A81000FFB06 /* HTTPDynamicFileResponse.h */ = {isa = PBXFileReference; fileEncoding = 4; lastKnownFileType = sourcecode.c.h; path = HTTPDynamicFileResponse.h; sourceTree = "<group>"; };
		9520BF5A14B84A81000FFB06 /* HTTPDynamicFileResponse.m */ = {isa = PBXFileReference; fileEncoding = 4; lastKnownFileType = sourcecode.c.objc; path = HTTPDynamicFileResponse.m; sourceTree = "<group>"; };
		9520BF5B14B84A81000FFB06 /* HTTPFileResponse.h */ = {isa = PBXFileReference; fileEncoding = 4; lastKnownFileType = sourcecode.c.h; path = HTTPFileResponse.h; sourceTree = "<group>"; };
		9520BF5C14B84A81000FFB06 /* HTTPFileResponse.m */ = {isa = PBXFileReference; fileEncoding = 4; lastKnownFileType = sourcecode.c.objc; path = HTTPFileResponse.m; sourceTree = "<group>"; };
		9520BF5D14B84A81000FFB06 /* HTTPRedirectResponse.h */ = {isa = PBXFileReference; fileEncoding = 4; lastKnownFileType = sourcecode.c.h; path = HTTPRedirectResponse.h; sourceTree = "<group>"; };
		9520BF5E14B84A81000FFB06 /* HTTPRedirectResponse.m */ = {isa = PBXFileReference; fileEncoding = 4; lastKnownFileType = sourcecode.c.objc; path = HTTPRedirectResponse.m; sourceTree = "<group>"; };
		9520BF5F14B84A81000FFB06 /* WebSocket.h */ = {isa = PBXFileReference; fileEncoding = 4; lastKnownFileType = sourcecode.c.h; path = WebSocket.h; sourceTree = "<group>"; };
		9520BF6014B84A81000FFB06 /* WebSocket.m */ = {isa = PBXFileReference; fileEncoding = 4; lastKnownFileType = sourcecode.c.objc; path = WebSocket.m; sourceTree = "<group>"; };
		9520BF6214B84A81000FFB06 /* About.txt */ = {isa = PBXFileReference; fileEncoding = 4; lastKnownFileType = text; path = About.txt; sourceTree = "<group>"; };
		9520BF6314B84A81000FFB06 /* DDAbstractDatabaseLogger.h */ = {isa = PBXFileReference; fileEncoding = 4; lastKnownFileType = sourcecode.c.h; path = DDAbstractDatabaseLogger.h; sourceTree = "<group>"; };
		9520BF6414B84A81000FFB06 /* DDAbstractDatabaseLogger.m */ = {isa = PBXFileReference; fileEncoding = 4; lastKnownFileType = sourcecode.c.objc; path = DDAbstractDatabaseLogger.m; sourceTree = "<group>"; };
		9520BF6514B84A81000FFB06 /* DDASLLogger.h */ = {isa = PBXFileReference; fileEncoding = 4; lastKnownFileType = sourcecode.c.h; path = DDASLLogger.h; sourceTree = "<group>"; };
		9520BF6614B84A81000FFB06 /* DDASLLogger.m */ = {isa = PBXFileReference; fileEncoding = 4; lastKnownFileType = sourcecode.c.objc; path = DDASLLogger.m; sourceTree = "<group>"; };
		9520BF6714B84A81000FFB06 /* DDFileLogger.h */ = {isa = PBXFileReference; fileEncoding = 4; lastKnownFileType = sourcecode.c.h; path = DDFileLogger.h; sourceTree = "<group>"; };
		9520BF6814B84A81000FFB06 /* DDFileLogger.m */ = {isa = PBXFileReference; fileEncoding = 4; lastKnownFileType = sourcecode.c.objc; path = DDFileLogger.m; sourceTree = "<group>"; };
		9520BF6914B84A81000FFB06 /* DDLog.h */ = {isa = PBXFileReference; fileEncoding = 4; lastKnownFileType = sourcecode.c.h; path = DDLog.h; sourceTree = "<group>"; };
		9520BF6A14B84A81000FFB06 /* DDLog.m */ = {isa = PBXFileReference; fileEncoding = 4; lastKnownFileType = sourcecode.c.objc; path = DDLog.m; sourceTree = "<group>"; };
		9520BF6B14B84A81000FFB06 /* DDTTYLogger.h */ = {isa = PBXFileReference; fileEncoding = 4; lastKnownFileType = sourcecode.c.h; path = DDTTYLogger.h; sourceTree = "<group>"; };
		9520BF6C14B84A81000FFB06 /* DDTTYLogger.m */ = {isa = PBXFileReference; fileEncoding = 4; lastKnownFileType = sourcecode.c.objc; path = DDTTYLogger.m; sourceTree = "<group>"; };
		9520BF6E14B84A81000FFB06 /* FMDatabase.h */ = {isa = PBXFileReference; fileEncoding = 4; lastKnownFileType = sourcecode.c.h; path = FMDatabase.h; sourceTree = "<group>"; };
		9520BF6F14B84A81000FFB06 /* FMDatabase.m */ = {isa = PBXFileReference; fileEncoding = 4; lastKnownFileType = sourcecode.c.objc; path = FMDatabase.m; sourceTree = "<group>"; };
		9520BF7014B84A81000FFB06 /* FMDatabaseAdditions.h */ = {isa = PBXFileReference; fileEncoding = 4; lastKnownFileType = sourcecode.c.h; path = FMDatabaseAdditions.h; sourceTree = "<group>"; };
		9520BF7114B84A81000FFB06 /* FMDatabaseAdditions.m */ = {isa = PBXFileReference; fileEncoding = 4; lastKnownFileType = sourcecode.c.objc; path = FMDatabaseAdditions.m; sourceTree = "<group>"; };
		9520BF7214B84A81000FFB06 /* FMResultSet.h */ = {isa = PBXFileReference; fileEncoding = 4; lastKnownFileType = sourcecode.c.h; path = FMResultSet.h; sourceTree = "<group>"; };
		9520BF7314B84A81000FFB06 /* FMResultSet.m */ = {isa = PBXFileReference; fileEncoding = 4; lastKnownFileType = sourcecode.c.objc; path = FMResultSet.m; sourceTree = "<group>"; };
		9520BF8C14B84ACD000FFB06 /* Security.framework */ = {isa = PBXFileReference; lastKnownFileType = wrapper.framework; name = Security.framework; path = System/Library/Frameworks/Security.framework; sourceTree = SDKROOT; };
		9566DCEC140B73810030399A /* clock.icns */ = {isa = PBXFileReference; lastKnownFileType = image.icns; path = clock.icns; sourceTree = "<group>"; };
		9577B7A914B84D3C0012936D /* MyHTTPConnection.h */ = {isa = PBXFileReference; fileEncoding = 4; lastKnownFileType = sourcecode.c.h; path = MyHTTPConnection.h; sourceTree = "<group>"; };
		9577B7AA14B84D3C0012936D /* MyHTTPConnection.m */ = {isa = PBXFileReference; fileEncoding = 4; lastKnownFileType = sourcecode.c.objc; path = MyHTTPConnection.m; sourceTree = "<group>"; };
		95BDD6AE140B32FD00BF6B6B /* Timesuck.app */ = {isa = PBXFileReference; explicitFileType = wrapper.application; includeInIndex = 0; path = Timesuck.app; sourceTree = BUILT_PRODUCTS_DIR; };
		95BDD6B2140B32FD00BF6B6B /* Cocoa.framework */ = {isa = PBXFileReference; lastKnownFileType = wrapper.framework; name = Cocoa.framework; path = System/Library/Frameworks/Cocoa.framework; sourceTree = SDKROOT; };
		95BDD6B5140B32FD00BF6B6B /* AppKit.framework */ = {isa = PBXFileReference; lastKnownFileType = wrapper.framework; name = AppKit.framework; path = System/Library/Frameworks/AppKit.framework; sourceTree = SDKROOT; };
		95BDD6B6140B32FD00BF6B6B /* CoreData.framework */ = {isa = PBXFileReference; lastKnownFileType = wrapper.framework; name = CoreData.framework; path = System/Library/Frameworks/CoreData.framework; sourceTree = SDKROOT; };
		95BDD6B7140B32FD00BF6B6B /* Foundation.framework */ = {isa = PBXFileReference; lastKnownFileType = wrapper.framework; name = Foundation.framework; path = System/Library/Frameworks/Foundation.framework; sourceTree = SDKROOT; };
		95BDD6BA140B32FD00BF6B6B /* timesuck-Info.plist */ = {isa = PBXFileReference; lastKnownFileType = text.plist.xml; path = "timesuck-Info.plist"; sourceTree = "<group>"; };
		95BDD6BC140B32FD00BF6B6B /* en */ = {isa = PBXFileReference; lastKnownFileType = text.plist.strings; name = en; path = en.lproj/InfoPlist.strings; sourceTree = "<group>"; };
		95BDD6BE140B32FD00BF6B6B /* timesuck-Prefix.pch */ = {isa = PBXFileReference; lastKnownFileType = sourcecode.c.h; path = "timesuck-Prefix.pch"; sourceTree = "<group>"; };
		95BDD6BF140B32FD00BF6B6B /* main.m */ = {isa = PBXFileReference; lastKnownFileType = sourcecode.c.objc; path = main.m; sourceTree = "<group>"; };
		95BDD6C2140B32FE00BF6B6B /* en */ = {isa = PBXFileReference; lastKnownFileType = text.rtf; name = en; path = en.lproj/Credits.rtf; sourceTree = "<group>"; };
		95BDD6C4140B32FE00BF6B6B /* timesuckAppDelegate.h */ = {isa = PBXFileReference; lastKnownFileType = sourcecode.c.h; path = timesuckAppDelegate.h; sourceTree = "<group>"; };
		95BDD6C5140B32FE00BF6B6B /* timesuckAppDelegate.m */ = {isa = PBXFileReference; lastKnownFileType = sourcecode.c.objc; path = timesuckAppDelegate.m; sourceTree = "<group>"; };
		95BDD6C8140B32FE00BF6B6B /* en */ = {isa = PBXFileReference; lastKnownFileType = file.xib; name = en; path = en.lproj/MainMenu.xib; sourceTree = "<group>"; };
		95BDD6CB140B32FE00BF6B6B /* timesuck.xcdatamodel */ = {isa = PBXFileReference; lastKnownFileType = wrapper.xcdatamodel; path = timesuck.xcdatamodel; sourceTree = "<group>"; };
		95BDD6D2140B32FE00BF6B6B /* timesuckTests.octest */ = {isa = PBXFileReference; explicitFileType = wrapper.cfbundle; includeInIndex = 0; path = timesuckTests.octest; sourceTree = BUILT_PRODUCTS_DIR; };
		95BDD6D8140B32FE00BF6B6B /* timesuckTests-Info.plist */ = {isa = PBXFileReference; lastKnownFileType = text.plist.xml; path = "timesuckTests-Info.plist"; sourceTree = "<group>"; };
		95BDD6DA140B32FE00BF6B6B /* en */ = {isa = PBXFileReference; lastKnownFileType = text.plist.strings; name = en; path = en.lproj/InfoPlist.strings; sourceTree = "<group>"; };
		95BDD6DC140B32FE00BF6B6B /* timesuckTests-Prefix.pch */ = {isa = PBXFileReference; lastKnownFileType = sourcecode.c.h; path = "timesuckTests-Prefix.pch"; sourceTree = "<group>"; };
		95BDD6DD140B32FE00BF6B6B /* timesuckTests.h */ = {isa = PBXFileReference; lastKnownFileType = sourcecode.c.h; path = timesuckTests.h; sourceTree = "<group>"; };
		95BDD6DF140B32FE00BF6B6B /* timesuckTests.m */ = {isa = PBXFileReference; lastKnownFileType = sourcecode.c.objc; path = timesuckTests.m; sourceTree = "<group>"; };
/* End PBXFileReference section */

/* Begin PBXFrameworksBuildPhase section */
		95BDD6AB140B32FD00BF6B6B /* Frameworks */ = {
			isa = PBXFrameworksBuildPhase;
			buildActionMask = 2147483647;
			files = (
				9520BF8D14B84ACD000FFB06 /* Security.framework in Frameworks */,
				9503A31614B8317400AEE0A7 /* libsqlite3.0.dylib in Frameworks */,
				95BDD6B3140B32FD00BF6B6B /* Cocoa.framework in Frameworks */,
			);
			runOnlyForDeploymentPostprocessing = 0;
		};
		95BDD6CE140B32FE00BF6B6B /* Frameworks */ = {
			isa = PBXFrameworksBuildPhase;
			buildActionMask = 2147483647;
			files = (
				95BDD6D3140B32FE00BF6B6B /* Cocoa.framework in Frameworks */,
			);
			runOnlyForDeploymentPostprocessing = 0;
		};
/* End PBXFrameworksBuildPhase section */

/* Begin PBXGroup section */
		9520BF3E14B84A81000FFB06 /* CocoaAsyncSocket */ = {
			isa = PBXGroup;
			children = (
				9520BF3F14B84A81000FFB06 /* About.txt */,
				9520BF4014B84A81000FFB06 /* GCDAsyncSocket.h */,
				9520BF4114B84A81000FFB06 /* GCDAsyncSocket.m */,
			);
			name = CocoaAsyncSocket;
			path = Vendor/CocoaAsyncSocket;
			sourceTree = "<group>";
		};
		9520BF4214B84A81000FFB06 /* CocoaHTTPServer */ = {
			isa = PBXGroup;
			children = (
				9520BF4314B84A81000FFB06 /* Categories */,
				9520BF4A14B84A81000FFB06 /* HTTPAuthenticationRequest.h */,
				9520BF4B14B84A81000FFB06 /* HTTPAuthenticationRequest.m */,
				9520BF4C14B84A81000FFB06 /* HTTPConnection.h */,
				9520BF4D14B84A81000FFB06 /* HTTPConnection.m */,
				9520BF4E14B84A81000FFB06 /* HTTPLogging.h */,
				9520BF4F14B84A81000FFB06 /* HTTPMessage.h */,
				9520BF5014B84A81000FFB06 /* HTTPMessage.m */,
				9520BF5114B84A81000FFB06 /* HTTPResponse.h */,
				9520BF5214B84A81000FFB06 /* HTTPServer.h */,
				9520BF5314B84A81000FFB06 /* HTTPServer.m */,
				9520BF5414B84A81000FFB06 /* Responses */,
				9520BF5F14B84A81000FFB06 /* WebSocket.h */,
				9520BF6014B84A81000FFB06 /* WebSocket.m */,
			);
			name = CocoaHTTPServer;
			path = Vendor/CocoaHTTPServer;
			sourceTree = "<group>";
		};
		9520BF4314B84A81000FFB06 /* Categories */ = {
			isa = PBXGroup;
			children = (
				9520BF4414B84A81000FFB06 /* DDData.h */,
				9520BF4514B84A81000FFB06 /* DDData.m */,
				9520BF4614B84A81000FFB06 /* DDNumber.h */,
				9520BF4714B84A81000FFB06 /* DDNumber.m */,
				9520BF4814B84A81000FFB06 /* DDRange.h */,
				9520BF4914B84A81000FFB06 /* DDRange.m */,
			);
			path = Categories;
			sourceTree = "<group>";
		};
		9520BF5414B84A81000FFB06 /* Responses */ = {
			isa = PBXGroup;
			children = (
				9520BF5514B84A81000FFB06 /* HTTPAsyncFileResponse.h */,
				9520BF5614B84A81000FFB06 /* HTTPAsyncFileResponse.m */,
				9520BF5714B84A81000FFB06 /* HTTPDataResponse.h */,
				9520BF5814B84A81000FFB06 /* HTTPDataResponse.m */,
				9520BF5914B84A81000FFB06 /* HTTPDynamicFileResponse.h */,
				9520BF5A14B84A81000FFB06 /* HTTPDynamicFileResponse.m */,
				9520BF5B14B84A81000FFB06 /* HTTPFileResponse.h */,
				9520BF5C14B84A81000FFB06 /* HTTPFileResponse.m */,
				9520BF5D14B84A81000FFB06 /* HTTPRedirectResponse.h */,
				9520BF5E14B84A81000FFB06 /* HTTPRedirectResponse.m */,
			);
			path = Responses;
			sourceTree = "<group>";
		};
		9520BF6114B84A81000FFB06 /* CocoaLumberjack */ = {
			isa = PBXGroup;
			children = (
				9520BF6214B84A81000FFB06 /* About.txt */,
				9520BF6314B84A81000FFB06 /* DDAbstractDatabaseLogger.h */,
				9520BF6414B84A81000FFB06 /* DDAbstractDatabaseLogger.m */,
				9520BF6514B84A81000FFB06 /* DDASLLogger.h */,
				9520BF6614B84A81000FFB06 /* DDASLLogger.m */,
				9520BF6714B84A81000FFB06 /* DDFileLogger.h */,
				9520BF6814B84A81000FFB06 /* DDFileLogger.m */,
				9520BF6914B84A81000FFB06 /* DDLog.h */,
				9520BF6A14B84A81000FFB06 /* DDLog.m */,
				9520BF6B14B84A81000FFB06 /* DDTTYLogger.h */,
				9520BF6C14B84A81000FFB06 /* DDTTYLogger.m */,
			);
			name = CocoaLumberjack;
			path = Vendor/CocoaLumberjack;
			sourceTree = "<group>";
		};
		9520BF6D14B84A81000FFB06 /* FMdb */ = {
			isa = PBXGroup;
			children = (
				9520BF6E14B84A81000FFB06 /* FMDatabase.h */,
				9520BF6F14B84A81000FFB06 /* FMDatabase.m */,
				9520BF7014B84A81000FFB06 /* FMDatabaseAdditions.h */,
				9520BF7114B84A81000FFB06 /* FMDatabaseAdditions.m */,
				9520BF7214B84A81000FFB06 /* FMResultSet.h */,
				9520BF7314B84A81000FFB06 /* FMResultSet.m */,
			);
			name = FMdb;
			path = Vendor/FMdb;
			sourceTree = "<group>";
		};
		95BDD6A3140B32FD00BF6B6B = {
			isa = PBXGroup;
			children = (
				9520BF8C14B84ACD000FFB06 /* Security.framework */,
				9503A31514B8317400AEE0A7 /* libsqlite3.0.dylib */,
				9520BF3E14B84A81000FFB06 /* CocoaAsyncSocket */,
				9520BF4214B84A81000FFB06 /* CocoaHTTPServer */,
				9520BF6114B84A81000FFB06 /* CocoaLumberjack */,
				9520BF6D14B84A81000FFB06 /* FMdb */,
				95BDD6B8140B32FD00BF6B6B /* timesuck */,
				95BDD6D6140B32FE00BF6B6B /* timesuckTests */,
				95BDD6B1140B32FD00BF6B6B /* Frameworks */,
				95BDD6AF140B32FD00BF6B6B /* Products */,
			);
			sourceTree = "<group>";
		};
		95BDD6AF140B32FD00BF6B6B /* Products */ = {
			isa = PBXGroup;
			children = (
				95BDD6AE140B32FD00BF6B6B /* Timesuck.app */,
				95BDD6D2140B32FE00BF6B6B /* timesuckTests.octest */,
			);
			name = Products;
			sourceTree = "<group>";
		};
		95BDD6B1140B32FD00BF6B6B /* Frameworks */ = {
			isa = PBXGroup;
			children = (
				95BDD6B2140B32FD00BF6B6B /* Cocoa.framework */,
				95BDD6B4140B32FD00BF6B6B /* Other Frameworks */,
			);
			name = Frameworks;
			sourceTree = "<group>";
		};
		95BDD6B4140B32FD00BF6B6B /* Other Frameworks */ = {
			isa = PBXGroup;
			children = (
				95BDD6B5140B32FD00BF6B6B /* AppKit.framework */,
				95BDD6B6140B32FD00BF6B6B /* CoreData.framework */,
				95BDD6B7140B32FD00BF6B6B /* Foundation.framework */,
			);
			name = "Other Frameworks";
			sourceTree = "<group>";
		};
		95BDD6B8140B32FD00BF6B6B /* timesuck */ = {
			isa = PBXGroup;
			children = (
				95BDD6C4140B32FE00BF6B6B /* timesuckAppDelegate.h */,
				95BDD6C5140B32FE00BF6B6B /* timesuckAppDelegate.m */,
				9577B7A914B84D3C0012936D /* MyHTTPConnection.h */,
				9577B7AA14B84D3C0012936D /* MyHTTPConnection.m */,
				95BDD6C7140B32FE00BF6B6B /* MainMenu.xib */,
				95BDD6CA140B32FE00BF6B6B /* timesuck.xcdatamodeld */,
				95BDD6B9140B32FD00BF6B6B /* Supporting Files */,
			);
			path = timesuck;
			sourceTree = "<group>";
		};
		95BDD6B9140B32FD00BF6B6B /* Supporting Files */ = {
			isa = PBXGroup;
			children = (
				9566DCEC140B73810030399A /* clock.icns */,
				95BDD6BA140B32FD00BF6B6B /* timesuck-Info.plist */,
				95BDD6BB140B32FD00BF6B6B /* InfoPlist.strings */,
				95BDD6BE140B32FD00BF6B6B /* timesuck-Prefix.pch */,
				95BDD6BF140B32FD00BF6B6B /* main.m */,
				95BDD6C1140B32FE00BF6B6B /* Credits.rtf */,
			);
			name = "Supporting Files";
			sourceTree = "<group>";
		};
		95BDD6D6140B32FE00BF6B6B /* timesuckTests */ = {
			isa = PBXGroup;
			children = (
				95BDD6DD140B32FE00BF6B6B /* timesuckTests.h */,
				95BDD6DF140B32FE00BF6B6B /* timesuckTests.m */,
				95BDD6D7140B32FE00BF6B6B /* Supporting Files */,
			);
			path = timesuckTests;
			sourceTree = "<group>";
		};
		95BDD6D7140B32FE00BF6B6B /* Supporting Files */ = {
			isa = PBXGroup;
			children = (
				95BDD6D8140B32FE00BF6B6B /* timesuckTests-Info.plist */,
				95BDD6D9140B32FE00BF6B6B /* InfoPlist.strings */,
				95BDD6DC140B32FE00BF6B6B /* timesuckTests-Prefix.pch */,
			);
			name = "Supporting Files";
			sourceTree = "<group>";
		};
/* End PBXGroup section */

/* Begin PBXNativeTarget section */
		95BDD6AD140B32FD00BF6B6B /* Timesuck */ = {
			isa = PBXNativeTarget;
			buildConfigurationList = 95BDD6E3140B32FE00BF6B6B /* Build configuration list for PBXNativeTarget "Timesuck" */;
			buildPhases = (
				95BDD6AA140B32FD00BF6B6B /* Sources */,
				95BDD6AB140B32FD00BF6B6B /* Frameworks */,
				95BDD6AC140B32FD00BF6B6B /* Resources */,
			);
			buildRules = (
			);
			dependencies = (
			);
			name = Timesuck;
			productName = timesuck;
			productReference = 95BDD6AE140B32FD00BF6B6B /* Timesuck.app */;
			productType = "com.apple.product-type.application";
		};
		95BDD6D1140B32FE00BF6B6B /* timesuckTests */ = {
			isa = PBXNativeTarget;
			buildConfigurationList = 95BDD6E6140B32FE00BF6B6B /* Build configuration list for PBXNativeTarget "timesuckTests" */;
			buildPhases = (
				95BDD6CD140B32FE00BF6B6B /* Sources */,
				95BDD6CE140B32FE00BF6B6B /* Frameworks */,
				95BDD6CF140B32FE00BF6B6B /* Resources */,
				95BDD6D0140B32FE00BF6B6B /* ShellScript */,
			);
			buildRules = (
			);
			dependencies = (
				95BDD6D5140B32FE00BF6B6B /* PBXTargetDependency */,
			);
			name = timesuckTests;
			productName = timesuckTests;
			productReference = 95BDD6D2140B32FE00BF6B6B /* timesuckTests.octest */;
			productType = "com.apple.product-type.bundle";
		};
/* End PBXNativeTarget section */

/* Begin PBXProject section */
		95BDD6A5140B32FD00BF6B6B /* Project object */ = {
			isa = PBXProject;
			buildConfigurationList = 95BDD6A8140B32FD00BF6B6B /* Build configuration list for PBXProject "timesuck" */;
			compatibilityVersion = "Xcode 3.2";
			developmentRegion = English;
			hasScannedForEncodings = 0;
			knownRegions = (
				en,
			);
			mainGroup = 95BDD6A3140B32FD00BF6B6B;
			productRefGroup = 95BDD6AF140B32FD00BF6B6B /* Products */;
			projectDirPath = "";
			projectRoot = "";
			targets = (
				95BDD6AD140B32FD00BF6B6B /* Timesuck */,
				95BDD6D1140B32FE00BF6B6B /* timesuckTests */,
			);
		};
/* End PBXProject section */

/* Begin PBXResourcesBuildPhase section */
		95BDD6AC140B32FD00BF6B6B /* Resources */ = {
			isa = PBXResourcesBuildPhase;
			buildActionMask = 2147483647;
			files = (
				95BDD6BD140B32FD00BF6B6B /* InfoPlist.strings in Resources */,
				95BDD6C3140B32FE00BF6B6B /* Credits.rtf in Resources */,
				95BDD6C9140B32FE00BF6B6B /* MainMenu.xib in Resources */,
				9566DCED140B73810030399A /* clock.icns in Resources */,
				9520BF7414B84A81000FFB06 /* About.txt in Resources */,
				9520BF8314B84A81000FFB06 /* About.txt in Resources */,
			);
			runOnlyForDeploymentPostprocessing = 0;
		};
		95BDD6CF140B32FE00BF6B6B /* Resources */ = {
			isa = PBXResourcesBuildPhase;
			buildActionMask = 2147483647;
			files = (
				95BDD6DB140B32FE00BF6B6B /* InfoPlist.strings in Resources */,
				95BDD6DE140B32FE00BF6B6B /* timesuckTests.h in Resources */,
			);
			runOnlyForDeploymentPostprocessing = 0;
		};
/* End PBXResourcesBuildPhase section */

/* Begin PBXShellScriptBuildPhase section */
		95BDD6D0140B32FE00BF6B6B /* ShellScript */ = {
			isa = PBXShellScriptBuildPhase;
			buildActionMask = 2147483647;
			files = (
			);
			inputPaths = (
			);
			outputPaths = (
			);
			runOnlyForDeploymentPostprocessing = 0;
			shellPath = /bin/sh;
			shellScript = "# Run the unit tests in this test bundle.\n\"${SYSTEM_DEVELOPER_DIR}/Tools/RunUnitTests\"\n";
		};
/* End PBXShellScriptBuildPhase section */

/* Begin PBXSourcesBuildPhase section */
		95BDD6AA140B32FD00BF6B6B /* Sources */ = {
			isa = PBXSourcesBuildPhase;
			buildActionMask = 2147483647;
			files = (
				95BDD6C0140B32FD00BF6B6B /* main.m in Sources */,
				95BDD6C6140B32FE00BF6B6B /* timesuckAppDelegate.m in Sources */,
				95BDD6CC140B32FE00BF6B6B /* timesuck.xcdatamodeld in Sources */,
				9520BF7514B84A81000FFB06 /* GCDAsyncSocket.m in Sources */,
				9520BF7614B84A81000FFB06 /* DDData.m in Sources */,
				9520BF7714B84A81000FFB06 /* DDNumber.m in Sources */,
				9520BF7814B84A81000FFB06 /* DDRange.m in Sources */,
				9520BF7914B84A81000FFB06 /* HTTPAuthenticationRequest.m in Sources */,
				9520BF7A14B84A81000FFB06 /* HTTPConnection.m in Sources */,
				9520BF7B14B84A81000FFB06 /* HTTPMessage.m in Sources */,
				9520BF7C14B84A81000FFB06 /* HTTPServer.m in Sources */,
				9520BF7D14B84A81000FFB06 /* HTTPAsyncFileResponse.m in Sources */,
				9520BF7E14B84A81000FFB06 /* HTTPDataResponse.m in Sources */,
				9520BF7F14B84A81000FFB06 /* HTTPDynamicFileResponse.m in Sources */,
				9520BF8014B84A81000FFB06 /* HTTPFileResponse.m in Sources */,
				9520BF8114B84A81000FFB06 /* HTTPRedirectResponse.m in Sources */,
				9520BF8214B84A81000FFB06 /* WebSocket.m in Sources */,
				9520BF8414B84A81000FFB06 /* DDAbstractDatabaseLogger.m in Sources */,
				9520BF8514B84A81000FFB06 /* DDASLLogger.m in Sources */,
				9520BF8614B84A81000FFB06 /* DDFileLogger.m in Sources */,
				9520BF8714B84A81000FFB06 /* DDLog.m in Sources */,
				9520BF8814B84A81000FFB06 /* DDTTYLogger.m in Sources */,
				9520BF8914B84A81000FFB06 /* FMDatabase.m in Sources */,
				9520BF8A14B84A81000FFB06 /* FMDatabaseAdditions.m in Sources */,
				9520BF8B14B84A81000FFB06 /* FMResultSet.m in Sources */,
				9577B7AB14B84D3C0012936D /* MyHTTPConnection.m in Sources */,
			);
			runOnlyForDeploymentPostprocessing = 0;
		};
		95BDD6CD140B32FE00BF6B6B /* Sources */ = {
			isa = PBXSourcesBuildPhase;
			buildActionMask = 2147483647;
			files = (
				95BDD6E0140B32FE00BF6B6B /* timesuckTests.m in Sources */,
			);
			runOnlyForDeploymentPostprocessing = 0;
		};
/* End PBXSourcesBuildPhase section */

/* Begin PBXTargetDependency section */
		95BDD6D5140B32FE00BF6B6B /* PBXTargetDependency */ = {
			isa = PBXTargetDependency;
			target = 95BDD6AD140B32FD00BF6B6B /* Timesuck */;
			targetProxy = 95BDD6D4140B32FE00BF6B6B /* PBXContainerItemProxy */;
		};
/* End PBXTargetDependency section */

/* Begin PBXVariantGroup section */
		95BDD6BB140B32FD00BF6B6B /* InfoPlist.strings */ = {
			isa = PBXVariantGroup;
			children = (
				95BDD6BC140B32FD00BF6B6B /* en */,
			);
			name = InfoPlist.strings;
			sourceTree = "<group>";
		};
		95BDD6C1140B32FE00BF6B6B /* Credits.rtf */ = {
			isa = PBXVariantGroup;
			children = (
				95BDD6C2140B32FE00BF6B6B /* en */,
			);
			name = Credits.rtf;
			sourceTree = "<group>";
		};
		95BDD6C7140B32FE00BF6B6B /* MainMenu.xib */ = {
			isa = PBXVariantGroup;
			children = (
				95BDD6C8140B32FE00BF6B6B /* en */,
			);
			name = MainMenu.xib;
			sourceTree = "<group>";
		};
		95BDD6D9140B32FE00BF6B6B /* InfoPlist.strings */ = {
			isa = PBXVariantGroup;
			children = (
				95BDD6DA140B32FE00BF6B6B /* en */,
			);
			name = InfoPlist.strings;
			sourceTree = "<group>";
		};
/* End PBXVariantGroup section */

/* Begin XCBuildConfiguration section */
		95BDD6E1140B32FE00BF6B6B /* Debug */ = {
			isa = XCBuildConfiguration;
			buildSettings = {
				ARCHS = "$(ARCHS_STANDARD_32_64_BIT)";
				GCC_C_LANGUAGE_STANDARD = gnu99;
				GCC_OPTIMIZATION_LEVEL = 0;
				GCC_PREPROCESSOR_DEFINITIONS = DEBUG;
				GCC_SYMBOLS_PRIVATE_EXTERN = NO;
				GCC_VERSION = com.apple.compilers.llvm.clang.1_0;
				GCC_WARN_64_TO_32_BIT_CONVERSION = YES;
				GCC_WARN_ABOUT_RETURN_TYPE = YES;
				GCC_WARN_UNUSED_VARIABLE = YES;
				MACOSX_DEPLOYMENT_TARGET = 10.6;
				ONLY_ACTIVE_ARCH = YES;
				SDKROOT = macosx;
			};
			name = Debug;
		};
		95BDD6E2140B32FE00BF6B6B /* Release */ = {
			isa = XCBuildConfiguration;
			buildSettings = {
				ARCHS = "$(ARCHS_STANDARD_32_64_BIT)";
				GCC_C_LANGUAGE_STANDARD = gnu99;
				GCC_VERSION = com.apple.compilers.llvm.clang.1_0;
				GCC_WARN_64_TO_32_BIT_CONVERSION = YES;
				GCC_WARN_ABOUT_RETURN_TYPE = YES;
				GCC_WARN_UNUSED_VARIABLE = YES;
				MACOSX_DEPLOYMENT_TARGET = 10.6;
				SDKROOT = macosx;
			};
			name = Release;
		};
		95BDD6E4140B32FE00BF6B6B /* Debug */ = {
			isa = XCBuildConfiguration;
			buildSettings = {
				ALWAYS_SEARCH_USER_PATHS = NO;
				COPY_PHASE_STRIP = NO;
				GCC_DYNAMIC_NO_PIC = NO;
				GCC_ENABLE_OBJC_EXCEPTIONS = YES;
				GCC_PRECOMPILE_PREFIX_HEADER = YES;
				GCC_PREFIX_HEADER = "timesuck/timesuck-Prefix.pch";
				INFOPLIST_FILE = "timesuck/timesuck-Info.plist";
				PRODUCT_NAME = Timesuck;
				WRAPPER_EXTENSION = app;
			};
			name = Debug;
		};
		95BDD6E5140B32FE00BF6B6B /* Release */ = {
			isa = XCBuildConfiguration;
			buildSettings = {
				ALWAYS_SEARCH_USER_PATHS = NO;
				COPY_PHASE_STRIP = YES;
				DEBUG_INFORMATION_FORMAT = "dwarf-with-dsym";
				GCC_ENABLE_OBJC_EXCEPTIONS = YES;
				GCC_PRECOMPILE_PREFIX_HEADER = YES;
				GCC_PREFIX_HEADER = "timesuck/timesuck-Prefix.pch";
				INFOPLIST_FILE = "timesuck/timesuck-Info.plist";
				PRODUCT_NAME = Timesuck;
				WRAPPER_EXTENSION = app;
			};
			name = Release;
		};
		95BDD6E7140B32FE00BF6B6B /* Debug */ = {
			isa = XCBuildConfiguration;
			buildSettings = {
				ALWAYS_SEARCH_USER_PATHS = NO;
				BUNDLE_LOADER = "$(BUILT_PRODUCTS_DIR)/timesuck.app/Contents/MacOS/timesuck";
				COPY_PHASE_STRIP = NO;
				FRAMEWORK_SEARCH_PATHS = "$(DEVELOPER_LIBRARY_DIR)/Frameworks";
				GCC_DYNAMIC_NO_PIC = NO;
				GCC_ENABLE_OBJC_EXCEPTIONS = YES;
				GCC_PRECOMPILE_PREFIX_HEADER = YES;
				GCC_PREFIX_HEADER = "timesuckTests/timesuckTests-Prefix.pch";
				INFOPLIST_FILE = "timesuckTests/timesuckTests-Info.plist";
				OTHER_LDFLAGS = (
					"-framework",
					SenTestingKit,
				);
				PRODUCT_NAME = "$(TARGET_NAME)";
				TEST_HOST = "$(BUNDLE_LOADER)";
				WRAPPER_EXTENSION = octest;
			};
			name = Debug;
		};
		95BDD6E8140B32FE00BF6B6B /* Release */ = {
			isa = XCBuildConfiguration;
			buildSettings = {
				ALWAYS_SEARCH_USER_PATHS = NO;
				BUNDLE_LOADER = "$(BUILT_PRODUCTS_DIR)/timesuck.app/Contents/MacOS/timesuck";
				COPY_PHASE_STRIP = YES;
				DEBUG_INFORMATION_FORMAT = "dwarf-with-dsym";
				FRAMEWORK_SEARCH_PATHS = "$(DEVELOPER_LIBRARY_DIR)/Frameworks";
				GCC_ENABLE_OBJC_EXCEPTIONS = YES;
				GCC_PRECOMPILE_PREFIX_HEADER = YES;
				GCC_PREFIX_HEADER = "timesuckTests/timesuckTests-Prefix.pch";
				INFOPLIST_FILE = "timesuckTests/timesuckTests-Info.plist";
				OTHER_LDFLAGS = (
					"-framework",
					SenTestingKit,
				);
				PRODUCT_NAME = "$(TARGET_NAME)";
				TEST_HOST = "$(BUNDLE_LOADER)";
				WRAPPER_EXTENSION = octest;
			};
			name = Release;
		};
/* End XCBuildConfiguration section */

/* Begin XCConfigurationList section */
		95BDD6A8140B32FD00BF6B6B /* Build configuration list for PBXProject "timesuck" */ = {
			isa = XCConfigurationList;
			buildConfigurations = (
				95BDD6E1140B32FE00BF6B6B /* Debug */,
				95BDD6E2140B32FE00BF6B6B /* Release */,
			);
			defaultConfigurationIsVisible = 0;
			defaultConfigurationName = Release;
		};
		95BDD6E3140B32FE00BF6B6B /* Build configuration list for PBXNativeTarget "Timesuck" */ = {
			isa = XCConfigurationList;
			buildConfigurations = (
				95BDD6E4140B32FE00BF6B6B /* Debug */,
				95BDD6E5140B32FE00BF6B6B /* Release */,
			);
			defaultConfigurationIsVisible = 0;
			defaultConfigurationName = Release;
		};
		95BDD6E6140B32FE00BF6B6B /* Build configuration list for PBXNativeTarget "timesuckTests" */ = {
			isa = XCConfigurationList;
			buildConfigurations = (
				95BDD6E7140B32FE00BF6B6B /* Debug */,
				95BDD6E8140B32FE00BF6B6B /* Release */,
			);
			defaultConfigurationIsVisible = 0;
			defaultConfigurationName = Release;
		};
/* End XCConfigurationList section */

/* Begin XCVersionGroup section */
		95BDD6CA140B32FE00BF6B6B /* timesuck.xcdatamodeld */ = {
			isa = XCVersionGroup;
			children = (
				95BDD6CB140B32FE00BF6B6B /* timesuck.xcdatamodel */,
			);
			currentVersion = 95BDD6CB140B32FE00BF6B6B /* timesuck.xcdatamodel */;
			path = timesuck.xcdatamodeld;
			sourceTree = "<group>";
			versionGroupType = wrapper.xcdatamodel;
		};
/* End XCVersionGroup section */
	};
	rootObject = 95BDD6A5140B32FD00BF6B6B /* Project object */;
}
